
Microsoft Visual Studio Solution File, Format Version 12.00
# Visual Studio Version 17
VisualStudioVersion = 17.13.35919.96 d17.13
MinimumVisualStudioVersion = 10.0.40219.1
Project("{2150E333-8FDC-42A3-9474-1A3956D46DE8}") = "Src", "Src", "{02EA681E-C7D8-13C7-8484-4AC65E1B71E8}"
EndProject
Project("{2150E333-8FDC-42A3-9474-1A3956D46DE8}") = "Domain", "Domain", "{EF2B3067-87A8-41E8-8C93-77344EF9CE07}"
EndProject
Project("{2150E333-8FDC-42A3-9474-1A3956D46DE8}") = "Application", "Application", "{F6028FFA-F529-4688-A2D1-EF993F88F874}"
EndProject
Project("{2150E333-8FDC-42A3-9474-1A3956D46DE8}") = "Infrastructure", "Infrastructure", "{F0D5EF4E-37CC-46E3-B374-93FA27C02AF3}"
EndProject
Project("{2150E333-8FDC-42A3-9474-1A3956D46DE8}") = "Presentation", "Presentation", "{04139304-7C23-44B2-B8F6-65651F4F0AFE}"
EndProject
Project("{FAE04EC0-301F-11D3-BF4B-00C04F79EFBC}") = "Domain", "Domain\Domain.csproj", "{442BBABC-2DBA-47D5-BA25-E770B5BC15C2}"
EndProject
Project("{FAE04EC0-301F-11D3-BF4B-00C04F79EFBC}") = "Infrastructure", "Infrastructure\Infrastructure.csproj", "{C5E9F35F-CB8A-471C-A0F2-F58A2BDB8142}"
EndProject
Project("{FAE04EC0-301F-11D3-BF4B-00C04F79EFBC}") = "Application", "Application\Application.csproj", "{8333F818-A9F9-4CED-ABE3-7DB1AE328AD2}"
EndProject
Project("{FAE04EC0-301F-11D3-BF4B-00C04F79EFBC}") = "API", "API\API.csproj", "{60D5109D-5FB6-4064-AF9F-57FFF02C503F}"
EndProject
Global
	GlobalSection(SolutionConfigurationPlatforms) = preSolution
		Debug|Any CPU = Debug|Any CPU
		Release|Any CPU = Release|Any CPU
	EndGlobalSection
	GlobalSection(ProjectConfigurationPlatforms) = postSolution
		{442BBABC-2DBA-47D5-BA25-E770B5BC15C2}.Debug|Any CPU.ActiveCfg = Debug|Any CPU
		{442BBABC-2DBA-47D5-BA25-E770B5BC15C2}.Debug|Any CPU.Build.0 = Debug|Any CPU
		{442BBABC-2DBA-47D5-BA25-E770B5BC15C2}.Release|Any CPU.ActiveCfg = Release|Any CPU
		{442BBABC-2DBA-47D5-BA25-E770B5BC15C2}.Release|Any CPU.Build.0 = Release|Any CPU
		{C5E9F35F-CB8A-471C-A0F2-F58A2BDB8142}.Debug|Any CPU.ActiveCfg = Debug|Any CPU
		{C5E9F35F-CB8A-471C-A0F2-F58A2BDB8142}.Debug|Any CPU.Build.0 = Debug|Any CPU
		{C5E9F35F-CB8A-471C-A0F2-F58A2BDB8142}.Release|Any CPU.ActiveCfg = Release|Any CPU
		{C5E9F35F-CB8A-471C-A0F2-F58A2BDB8142}.Release|Any CPU.Build.0 = Release|Any CPU
		{8333F818-A9F9-4CED-ABE3-7DB1AE328AD2}.Debug|Any CPU.ActiveCfg = Debug|Any CPU
		{8333F818-A9F9-4CED-ABE3-7DB1AE328AD2}.Debug|Any CPU.Build.0 = Debug|Any CPU
		{8333F818-A9F9-4CED-ABE3-7DB1AE328AD2}.Release|Any CPU.ActiveCfg = Release|Any CPU
		{8333F818-A9F9-4CED-ABE3-7DB1AE328AD2}.Release|Any CPU.Build.0 = Release|Any CPU
		{60D5109D-5FB6-4064-AF9F-57FFF02C503F}.Debug|Any CPU.ActiveCfg = Debug|Any CPU
		{60D5109D-5FB6-4064-AF9F-57FFF02C503F}.Debug|Any CPU.Build.0 = Debug|Any CPU
		{60D5109D-5FB6-4064-AF9F-57FFF02C503F}.Release|Any CPU.ActiveCfg = Release|Any CPU
		{60D5109D-5FB6-4064-AF9F-57FFF02C503F}.Release|Any CPU.Build.0 = Release|Any CPU
	EndGlobalSection
	GlobalSection(SolutionProperties) = preSolution
		HideSolutionNode = FALSE
	EndGlobalSection
	GlobalSection(NestedProjects) = preSolution
		{EF2B3067-87A8-41E8-8C93-77344EF9CE07} = {02EA681E-C7D8-13C7-8484-4AC65E1B71E8}
		{F6028FFA-F529-4688-A2D1-EF993F88F874} = {02EA681E-C7D8-13C7-8484-4AC65E1B71E8}
		{F0D5EF4E-37CC-46E3-B374-93FA27C02AF3} = {02EA681E-C7D8-13C7-8484-4AC65E1B71E8}
		{04139304-7C23-44B2-B8F6-65651F4F0AFE} = {02EA681E-C7D8-13C7-8484-4AC65E1B71E8}
		{442BBABC-2DBA-47D5-BA25-E770B5BC15C2} = {EF2B3067-87A8-41E8-8C93-77344EF9CE07}
		{C5E9F35F-CB8A-471C-A0F2-F58A2BDB8142} = {F0D5EF4E-37CC-46E3-B374-93FA27C02AF3}
		{8333F818-A9F9-4CED-ABE3-7DB1AE328AD2} = {F6028FFA-F529-4688-A2D1-EF993F88F874}
		{60D5109D-5FB6-4064-AF9F-57FFF02C503F} = {04139304-7C23-44B2-B8F6-65651F4F0AFE}
	EndGlobalSection
	GlobalSection(ExtensibilityGlobals) = postSolution
		SolutionGuid = {33F485E4-AF19-49DF-B867-BB21EA981054}
	EndGlobalSection
EndGlobal
